
Microsoft Visual Studio Solution File, Format Version 12.00
# Visual Studio Version 16
VisualStudioVersion = 16.0.29709.97
MinimumVisualStudioVersion = 10.0.40219.1
Project("{FAE04EC0-301F-11D3-BF4B-00C04F79EFBC}") = "AppAndroidSQLite.Android", "AppAndroidSQLite.Android\AppAndroidSQLite.Android.csproj", "{40BC523D-9F74-484C-9776-943ADD5B54E9}"
EndProject
Project("{FAE04EC0-301F-11D3-BF4B-00C04F79EFBC}") = "AppAndroidSQLite", "AppAndroidSQLite\AppAndroidSQLite.csproj", "{27F88635-A01E-4C50-9E5E-84B9DE971554}"
EndProject
Global
	GlobalSection(SolutionConfigurationPlatforms) = preSolution
		Debug|Any CPU = Debug|Any CPU
		Debug|iPhone = Debug|iPhone
		Debug|iPhoneSimulator = Debug|iPhoneSimulator
		Release|Any CPU = Release|Any CPU
		Release|iPhone = Release|iPhone
		Release|iPhoneSimulator = Release|iPhoneSimulator
	EndGlobalSection
	GlobalSection(ProjectConfigurationPlatforms) = postSolution
		{40BC523D-9F74-484C-9776-943ADD5B54E9}.Debug|Any CPU.ActiveCfg = Debug|Any CPU
		{40BC523D-9F74-484C-9776-943ADD5B54E9}.Debug|Any CPU.Build.0 = Debug|Any CPU
		{40BC523D-9F74-484C-9776-943ADD5B54E9}.Debug|Any CPU.Deploy.0 = Debug|Any CPU
		{40BC523D-9F74-484C-9776-943ADD5B54E9}.Debug|iPhone.ActiveCfg = Debug|Any CPU
		{40BC523D-9F74-484C-9776-943ADD5B54E9}.Debug|iPhone.Build.0 = Debug|Any CPU
		{40BC523D-9F74-484C-9776-943ADD5B54E9}.Debug|iPhone.Deploy.0 = Debug|Any CPU
		{40BC523D-9F74-484C-9776-943ADD5B54E9}.Debug|iPhoneSimulator.ActiveCfg = Debug|Any CPU
		{40BC523D-9F74-484C-9776-943ADD5B54E9}.Debug|iPhoneSimulator.Build.0 = Debug|Any CPU
		{40BC523D-9F74-484C-9776-943ADD5B54E9}.Debug|iPhoneSimulator.Deploy.0 = Debug|Any CPU
		{40BC523D-9F74-484C-9776-943ADD5B54E9}.Release|Any CPU.ActiveCfg = Release|Any CPU
		{40BC523D-9F74-484C-9776-943ADD5B54E9}.Release|Any CPU.Build.0 = Release|Any CPU
		{40BC523D-9F74-484C-9776-943ADD5B54E9}.Release|Any CPU.Deploy.0 = Release|Any CPU
		{40BC523D-9F74-484C-9776-943ADD5B54E9}.Release|iPhone.ActiveCfg = Release|Any CPU
		{40BC523D-9F74-484C-9776-943ADD5B54E9}.Release|iPhone.Build.0 = Release|Any CPU
		{40BC523D-9F74-484C-9776-943ADD5B54E9}.Release|iPhone.Deploy.0 = Release|Any CPU
		{40BC523D-9F74-484C-9776-943ADD5B54E9}.Release|iPhoneSimulator.ActiveCfg = Release|Any CPU
		{40BC523D-9F74-484C-9776-943ADD5B54E9}.Release|iPhoneSimulator.Build.0 = Release|Any CPU
		{40BC523D-9F74-484C-9776-943ADD5B54E9}.Release|iPhoneSimulator.Deploy.0 = Release|Any CPU
		{27F88635-A01E-4C50-9E5E-84B9DE971554}.Debug|Any CPU.ActiveCfg = Debug|Any CPU
		{27F88635-A01E-4C50-9E5E-84B9DE971554}.Debug|Any CPU.Build.0 = Debug|Any CPU
		{27F88635-A01E-4C50-9E5E-84B9DE971554}.Debug|Any CPU.Deploy.0 = Debug|Any CPU
		{27F88635-A01E-4C50-9E5E-84B9DE971554}.Debug|iPhone.ActiveCfg = Debug|Any CPU
		{27F88635-A01E-4C50-9E5E-84B9DE971554}.Debug|iPhone.Build.0 = Debug|Any CPU
		{27F88635-A01E-4C50-9E5E-84B9DE971554}.Debug|iPhone.Deploy.0 = Debug|Any CPU
		{27F88635-A01E-4C50-9E5E-84B9DE971554}.Debug|iPhoneSimulator.ActiveCfg = Debug|Any CPU
		{27F88635-A01E-4C50-9E5E-84B9DE971554}.Debug|iPhoneSimulator.Build.0 = Debug|Any CPU
		{27F88635-A01E-4C50-9E5E-84B9DE971554}.Debug|iPhoneSimulator.Deploy.0 = Debug|Any CPU
		{27F88635-A01E-4C50-9E5E-84B9DE971554}.Release|Any CPU.ActiveCfg = Release|Any CPU
		{27F88635-A01E-4C50-9E5E-84B9DE971554}.Release|Any CPU.Build.0 = Release|Any CPU
		{27F88635-A01E-4C50-9E5E-84B9DE971554}.Release|Any CPU.Deploy.0 = Release|Any CPU
		{27F88635-A01E-4C50-9E5E-84B9DE971554}.Release|iPhone.ActiveCfg = Release|Any CPU
		{27F88635-A01E-4C50-9E5E-84B9DE971554}.Release|iPhone.Build.0 = Release|Any CPU
		{27F88635-A01E-4C50-9E5E-84B9DE971554}.Release|iPhone.Deploy.0 = Release|Any CPU
		{27F88635-A01E-4C50-9E5E-84B9DE971554}.Release|iPhoneSimulator.ActiveCfg = Release|Any CPU
		{27F88635-A01E-4C50-9E5E-84B9DE971554}.Release|iPhoneSimulator.Build.0 = Release|Any CPU
		{27F88635-A01E-4C50-9E5E-84B9DE971554}.Release|iPhoneSimulator.Deploy.0 = Release|Any CPU
	EndGlobalSection
	GlobalSection(SolutionProperties) = preSolution
		HideSolutionNode = FALSE
	EndGlobalSection
	GlobalSection(ExtensibilityGlobals) = postSolution
		SolutionGuid = {9DC81164-E28B-4A83-9627-AC242717C899}
	EndGlobalSection
EndGlobal
